
Microsoft Visual Studio Solution File, Format Version 12.00
# Visual Studio Version 17
VisualStudioVersion = 17.11.35327.3
MinimumVisualStudioVersion = 10.0.40219.1
Project("{FAE04EC0-301F-11D3-BF4B-00C04F79EFBC}") = "task1", "task1\task1.csproj", "{AE87CFF1-5E1F-400C-8190-15AB1D980CBC}"
EndProject
Global
	GlobalSection(SolutionConfigurationPlatforms) = preSolution
		Debug|Any CPU = Debug|Any CPU
		Release|Any CPU = Release|Any CPU
	EndGlobalSection
	GlobalSection(ProjectConfigurationPlatforms) = postSolution
		{AE87CFF1-5E1F-400C-8190-15AB1D980CBC}.Debug|Any CPU.ActiveCfg = Debug|Any CPU
		{AE87CFF1-5E1F-400C-8190-15AB1D980CBC}.Debug|Any CPU.Build.0 = Debug|Any CPU
		{AE87CFF1-5E1F-400C-8190-15AB1D980CBC}.Release|Any CPU.ActiveCfg = Release|Any CPU
		{AE87CFF1-5E1F-400C-8190-15AB1D980CBC}.Release|Any CPU.Build.0 = Release|Any CPU
	EndGlobalSection
	GlobalSection(SolutionProperties) = preSolution
		HideSolutionNode = FALSE
	EndGlobalSection
	GlobalSection(ExtensibilityGlobals) = postSolution
		SolutionGuid = {C467C25C-F475-4AC8-A722-6FAB487B75CE}
	EndGlobalSection
EndGlobal
